// !$*UTF8*$!
{
	archiveVersion = 1;
	classes = {
	};
	objectVersion = 50;
	objects = {

/* Begin PBXBuildFile section */
		0929C05620F470480004EBB0 /* CMTime.swift in Sources */ = {isa = PBXBuildFile; fileRef = 0929C05520F470470004EBB0 /* CMTime.swift */; };
		0929C05820F631160004EBB0 /* PodcastsSearchingView.xib in Resources */ = {isa = PBXBuildFile; fileRef = 0929C05720F631160004EBB0 /* PodcastsSearchingView.xib */; };
		0929C05A20F9F81F0004EBB0 /* PlayerDetailsView+Gestures.swift in Sources */ = {isa = PBXBuildFile; fileRef = 0929C05920F9F81F0004EBB0 /* PlayerDetailsView+Gestures.swift */; };
		096BA8CB2104B802003B64CB /* UIApplication.swift in Sources */ = {isa = PBXBuildFile; fileRef = 096BA8CA2104B802003B64CB /* UIApplication.swift */; };
		572B812C20B6898500688E20 /* AppDelegate.swift in Sources */ = {isa = PBXBuildFile; fileRef = 572B812B20B6898500688E20 /* AppDelegate.swift */; };
		572B812E20B6898500688E20 /* ViewController.swift in Sources */ = {isa = PBXBuildFile; fileRef = 572B812D20B6898500688E20 /* ViewController.swift */; };
		572B813120B6898500688E20 /* Main.storyboard in Resources */ = {isa = PBXBuildFile; fileRef = 572B812F20B6898500688E20 /* Main.storyboard */; };
		572B813320B6898700688E20 /* Assets.xcassets in Resources */ = {isa = PBXBuildFile; fileRef = 572B813220B6898700688E20 /* Assets.xcassets */; };
		572B813620B6898700688E20 /* LaunchScreen.storyboard in Resources */ = {isa = PBXBuildFile; fileRef = 572B813420B6898700688E20 /* LaunchScreen.storyboard */; };
		572B814020B689CC00688E20 /* MainTabBarController.swift in Sources */ = {isa = PBXBuildFile; fileRef = 572B813F20B689CC00688E20 /* MainTabBarController.swift */; };
		572B814320B6946100688E20 /* PodcastsSearchController.swift in Sources */ = {isa = PBXBuildFile; fileRef = 572B814220B6946100688E20 /* PodcastsSearchController.swift */; };
		572B814620B694EC00688E20 /* Podcast.swift in Sources */ = {isa = PBXBuildFile; fileRef = 572B814520B694EC00688E20 /* Podcast.swift */; };
		579B43BB20B7EFF8001E2EA0 /* APIService.swift in Sources */ = {isa = PBXBuildFile; fileRef = 579B43BA20B7EFF8001E2EA0 /* APIService.swift */; };
		579B43BE20B7F470001E2EA0 /* PodcastCell.xib in Resources */ = {isa = PBXBuildFile; fileRef = 579B43BD20B7F470001E2EA0 /* PodcastCell.xib */; };
		579B43C120B7F589001E2EA0 /* Constants.swift in Sources */ = {isa = PBXBuildFile; fileRef = 579B43C020B7F589001E2EA0 /* Constants.swift */; };
		579B43C320B7F681001E2EA0 /* PodcastCell.swift in Sources */ = {isa = PBXBuildFile; fileRef = 579B43C220B7F681001E2EA0 /* PodcastCell.swift */; };
		579B43C820B9A978001E2EA0 /* EpisodesController.swift in Sources */ = {isa = PBXBuildFile; fileRef = 579B43C720B9A978001E2EA0 /* EpisodesController.swift */; };
		579B43CC20BA9E26001E2EA0 /* Episode.swift in Sources */ = {isa = PBXBuildFile; fileRef = 579B43CB20BA9E26001E2EA0 /* Episode.swift */; };
		579B43CF20BA9F2B001E2EA0 /* EpisodeCell.swift in Sources */ = {isa = PBXBuildFile; fileRef = 579B43CD20BA9F2B001E2EA0 /* EpisodeCell.swift */; };
		579B43D020BA9F2B001E2EA0 /* EpisodeCell.xib in Resources */ = {isa = PBXBuildFile; fileRef = 579B43CE20BA9F2B001E2EA0 /* EpisodeCell.xib */; };
		579B43D320BABD88001E2EA0 /* String.swift in Sources */ = {isa = PBXBuildFile; fileRef = 579B43D220BABD88001E2EA0 /* String.swift */; };
		579B43D520BABEDF001E2EA0 /* RSSFeed.swift in Sources */ = {isa = PBXBuildFile; fileRef = 579B43D420BABEDF001E2EA0 /* RSSFeed.swift */; };
		579B43D720BBAB79001E2EA0 /* PlayerDetailsView.xib in Resources */ = {isa = PBXBuildFile; fileRef = 579B43D620BBAB79001E2EA0 /* PlayerDetailsView.xib */; };
		579B43D920BBD444001E2EA0 /* PlayerDetailsView.swift in Sources */ = {isa = PBXBuildFile; fileRef = 579B43D820BBD444001E2EA0 /* PlayerDetailsView.swift */; };
		B7055F9EC0DC49E5BDA23CFA /* Pods_PodcastsDemo.framework in Frameworks */ = {isa = PBXBuildFile; fileRef = 4361344918133525224B6812 /* Pods_PodcastsDemo.framework */; };
/* End PBXBuildFile section */

/* Begin PBXFileReference section */
		0929C05520F470470004EBB0 /* CMTime.swift */ = {isa = PBXFileReference; lastKnownFileType = sourcecode.swift; path = CMTime.swift; sourceTree = "<group>"; };
		0929C05720F631160004EBB0 /* PodcastsSearchingView.xib */ = {isa = PBXFileReference; lastKnownFileType = file.xib; path = PodcastsSearchingView.xib; sourceTree = "<group>"; };
		0929C05920F9F81F0004EBB0 /* PlayerDetailsView+Gestures.swift */ = {isa = PBXFileReference; lastKnownFileType = sourcecode.swift; path = "PlayerDetailsView+Gestures.swift"; sourceTree = "<group>"; };
		096BA8CA2104B802003B64CB /* UIApplication.swift */ = {isa = PBXFileReference; lastKnownFileType = sourcecode.swift; path = UIApplication.swift; sourceTree = "<group>"; };
		4361344918133525224B6812 /* Pods_PodcastsDemo.framework */ = {isa = PBXFileReference; explicitFileType = wrapper.framework; includeInIndex = 0; path = Pods_PodcastsDemo.framework; sourceTree = BUILT_PRODUCTS_DIR; };
		572B812820B6898500688E20 /* PodcastsDemo.app */ = {isa = PBXFileReference; explicitFileType = wrapper.application; includeInIndex = 0; path = PodcastsDemo.app; sourceTree = BUILT_PRODUCTS_DIR; };
		572B812B20B6898500688E20 /* AppDelegate.swift */ = {isa = PBXFileReference; lastKnownFileType = sourcecode.swift; path = AppDelegate.swift; sourceTree = "<group>"; };
		572B812D20B6898500688E20 /* ViewController.swift */ = {isa = PBXFileReference; lastKnownFileType = sourcecode.swift; path = ViewController.swift; sourceTree = "<group>"; };
		572B813020B6898500688E20 /* Base */ = {isa = PBXFileReference; lastKnownFileType = file.storyboard; name = Base; path = Base.lproj/Main.storyboard; sourceTree = "<group>"; };
		572B813220B6898700688E20 /* Assets.xcassets */ = {isa = PBXFileReference; lastKnownFileType = folder.assetcatalog; path = Assets.xcassets; sourceTree = "<group>"; };
		572B813520B6898700688E20 /* Base */ = {isa = PBXFileReference; lastKnownFileType = file.storyboard; name = Base; path = Base.lproj/LaunchScreen.storyboard; sourceTree = "<group>"; };
		572B813720B6898700688E20 /* Info.plist */ = {isa = PBXFileReference; lastKnownFileType = text.plist.xml; path = Info.plist; sourceTree = "<group>"; };
		572B813F20B689CC00688E20 /* MainTabBarController.swift */ = {isa = PBXFileReference; lastKnownFileType = sourcecode.swift; path = MainTabBarController.swift; sourceTree = "<group>"; };
		572B814220B6946100688E20 /* PodcastsSearchController.swift */ = {isa = PBXFileReference; lastKnownFileType = sourcecode.swift; path = PodcastsSearchController.swift; sourceTree = "<group>"; };
		572B814520B694EC00688E20 /* Podcast.swift */ = {isa = PBXFileReference; lastKnownFileType = sourcecode.swift; path = Podcast.swift; sourceTree = "<group>"; };
		579B43BA20B7EFF8001E2EA0 /* APIService.swift */ = {isa = PBXFileReference; lastKnownFileType = sourcecode.swift; path = APIService.swift; sourceTree = "<group>"; };
		579B43BD20B7F470001E2EA0 /* PodcastCell.xib */ = {isa = PBXFileReference; lastKnownFileType = file.xib; path = PodcastCell.xib; sourceTree = "<group>"; };
		579B43C020B7F589001E2EA0 /* Constants.swift */ = {isa = PBXFileReference; lastKnownFileType = sourcecode.swift; path = Constants.swift; sourceTree = "<group>"; };
		579B43C220B7F681001E2EA0 /* PodcastCell.swift */ = {isa = PBXFileReference; lastKnownFileType = sourcecode.swift; path = PodcastCell.swift; sourceTree = "<group>"; };
		579B43C720B9A978001E2EA0 /* EpisodesController.swift */ = {isa = PBXFileReference; lastKnownFileType = sourcecode.swift; path = EpisodesController.swift; sourceTree = "<group>"; };
		579B43CB20BA9E26001E2EA0 /* Episode.swift */ = {isa = PBXFileReference; lastKnownFileType = sourcecode.swift; path = Episode.swift; sourceTree = "<group>"; };
		579B43CD20BA9F2B001E2EA0 /* EpisodeCell.swift */ = {isa = PBXFileReference; lastKnownFileType = sourcecode.swift; path = EpisodeCell.swift; sourceTree = "<group>"; };
		579B43CE20BA9F2B001E2EA0 /* EpisodeCell.xib */ = {isa = PBXFileReference; lastKnownFileType = file.xib; path = EpisodeCell.xib; sourceTree = "<group>"; };
		579B43D220BABD88001E2EA0 /* String.swift */ = {isa = PBXFileReference; lastKnownFileType = sourcecode.swift; path = String.swift; sourceTree = "<group>"; };
		579B43D420BABEDF001E2EA0 /* RSSFeed.swift */ = {isa = PBXFileReference; lastKnownFileType = sourcecode.swift; path = RSSFeed.swift; sourceTree = "<group>"; };
		579B43D620BBAB79001E2EA0 /* PlayerDetailsView.xib */ = {isa = PBXFileReference; lastKnownFileType = file.xib; path = PlayerDetailsView.xib; sourceTree = "<group>"; };
		579B43D820BBD444001E2EA0 /* PlayerDetailsView.swift */ = {isa = PBXFileReference; lastKnownFileType = sourcecode.swift; path = PlayerDetailsView.swift; sourceTree = "<group>"; };
		AE1C87216D3CB2E4292ABBC3 /* Pods-PodcastsDemo.debug.xcconfig */ = {isa = PBXFileReference; includeInIndex = 1; lastKnownFileType = text.xcconfig; name = "Pods-PodcastsDemo.debug.xcconfig"; path = "Pods/Target Support Files/Pods-PodcastsDemo/Pods-PodcastsDemo.debug.xcconfig"; sourceTree = "<group>"; };
		E6C3F0038990D3D2A26CF2E7 /* Pods-PodcastsDemo.release.xcconfig */ = {isa = PBXFileReference; includeInIndex = 1; lastKnownFileType = text.xcconfig; name = "Pods-PodcastsDemo.release.xcconfig"; path = "Pods/Target Support Files/Pods-PodcastsDemo/Pods-PodcastsDemo.release.xcconfig"; sourceTree = "<group>"; };
/* End PBXFileReference section */

/* Begin PBXFrameworksBuildPhase section */
		572B812520B6898500688E20 /* Frameworks */ = {
			isa = PBXFrameworksBuildPhase;
			buildActionMask = 2147483647;
			files = (
				B7055F9EC0DC49E5BDA23CFA /* Pods_PodcastsDemo.framework in Frameworks */,
			);
			runOnlyForDeploymentPostprocessing = 0;
		};
/* End PBXFrameworksBuildPhase section */

/* Begin PBXGroup section */
		572B811F20B6898400688E20 = {
			isa = PBXGroup;
			children = (
				572B812A20B6898500688E20 /* PodcastsDemo */,
				572B812920B6898500688E20 /* Products */,
				CA7620A6DB58BE1C1C6110D5 /* Pods */,
				F53DCEE2778CC0303BBFB77E /* Frameworks */,
			);
			sourceTree = "<group>";
		};
		572B812920B6898500688E20 /* Products */ = {
			isa = PBXGroup;
			children = (
				572B812820B6898500688E20 /* PodcastsDemo.app */,
			);
			name = Products;
			sourceTree = "<group>";
		};
		572B812A20B6898500688E20 /* PodcastsDemo */ = {
			isa = PBXGroup;
			children = (
				579B43CA20BA9E14001E2EA0 /* Extensions */,
				579B43BF20B7F478001E2EA0 /* Utils */,
				579B43BC20B7F458001E2EA0 /* Views */,
				579B43B920B7EFE7001E2EA0 /* API */,
				572B814420B694DB00688E20 /* Models */,
				572B814120B6944700688E20 /* Controllers */,
				572B813F20B689CC00688E20 /* MainTabBarController.swift */,
				572B812B20B6898500688E20 /* AppDelegate.swift */,
				572B812D20B6898500688E20 /* ViewController.swift */,
				572B812F20B6898500688E20 /* Main.storyboard */,
				572B813220B6898700688E20 /* Assets.xcassets */,
				572B813420B6898700688E20 /* LaunchScreen.storyboard */,
				572B813720B6898700688E20 /* Info.plist */,
			);
			path = PodcastsDemo;
			sourceTree = "<group>";
		};
		572B814120B6944700688E20 /* Controllers */ = {
			isa = PBXGroup;
			children = (
				572B814220B6946100688E20 /* PodcastsSearchController.swift */,
				579B43C720B9A978001E2EA0 /* EpisodesController.swift */,
			);
			path = Controllers;
			sourceTree = "<group>";
		};
		572B814420B694DB00688E20 /* Models */ = {
			isa = PBXGroup;
			children = (
				572B814520B694EC00688E20 /* Podcast.swift */,
				579B43CB20BA9E26001E2EA0 /* Episode.swift */,
			);
			path = Models;
			sourceTree = "<group>";
		};
		579B43B920B7EFE7001E2EA0 /* API */ = {
			isa = PBXGroup;
			children = (
				579B43BA20B7EFF8001E2EA0 /* APIService.swift */,
			);
			path = API;
			sourceTree = "<group>";
		};
		579B43BC20B7F458001E2EA0 /* Views */ = {
			isa = PBXGroup;
			children = (
				579B43BD20B7F470001E2EA0 /* PodcastCell.xib */,
				579B43C220B7F681001E2EA0 /* PodcastCell.swift */,
				579B43CD20BA9F2B001E2EA0 /* EpisodeCell.swift */,
				579B43CE20BA9F2B001E2EA0 /* EpisodeCell.xib */,
				579B43D620BBAB79001E2EA0 /* PlayerDetailsView.xib */,
				579B43D820BBD444001E2EA0 /* PlayerDetailsView.swift */,
				0929C05920F9F81F0004EBB0 /* PlayerDetailsView+Gestures.swift */,
				0929C05720F631160004EBB0 /* PodcastsSearchingView.xib */,
			);
			path = Views;
			sourceTree = "<group>";
		};
		579B43BF20B7F478001E2EA0 /* Utils */ = {
			isa = PBXGroup;
			children = (
				579B43C020B7F589001E2EA0 /* Constants.swift */,
			);
			path = Utils;
			sourceTree = "<group>";
		};
		579B43CA20BA9E14001E2EA0 /* Extensions */ = {
			isa = PBXGroup;
			children = (
				579B43D220BABD88001E2EA0 /* String.swift */,
				579B43D420BABEDF001E2EA0 /* RSSFeed.swift */,
				0929C05520F470470004EBB0 /* CMTime.swift */,
				096BA8CA2104B802003B64CB /* UIApplication.swift */,
			);
			path = Extensions;
			sourceTree = "<group>";
		};
		CA7620A6DB58BE1C1C6110D5 /* Pods */ = {
			isa = PBXGroup;
			children = (
				AE1C87216D3CB2E4292ABBC3 /* Pods-PodcastsDemo.debug.xcconfig */,
				E6C3F0038990D3D2A26CF2E7 /* Pods-PodcastsDemo.release.xcconfig */,
			);
			name = Pods;
			sourceTree = "<group>";
		};
		F53DCEE2778CC0303BBFB77E /* Frameworks */ = {
			isa = PBXGroup;
			children = (
				4361344918133525224B6812 /* Pods_PodcastsDemo.framework */,
			);
			name = Frameworks;
			sourceTree = "<group>";
		};
/* End PBXGroup section */

/* Begin PBXNativeTarget section */
		572B812720B6898500688E20 /* PodcastsDemo */ = {
			isa = PBXNativeTarget;
			buildConfigurationList = 572B813A20B6898700688E20 /* Build configuration list for PBXNativeTarget "PodcastsDemo" */;
			buildPhases = (
				B9CDCD67995440AB98F95409 /* [CP] Check Pods Manifest.lock */,
				572B812420B6898500688E20 /* Sources */,
				572B812520B6898500688E20 /* Frameworks */,
				572B812620B6898500688E20 /* Resources */,
				E6150BCA2426145828A0748D /* [CP] Embed Pods Frameworks */,
			);
			buildRules = (
			);
			dependencies = (
			);
			name = PodcastsDemo;
			productName = PodcastsDemo;
			productReference = 572B812820B6898500688E20 /* PodcastsDemo.app */;
			productType = "com.apple.product-type.application";
		};
/* End PBXNativeTarget section */

/* Begin PBXProject section */
		572B812020B6898500688E20 /* Project object */ = {
			isa = PBXProject;
			attributes = {
				LastSwiftUpdateCheck = 0930;
				LastUpgradeCheck = 0930;
				ORGANIZATIONNAME = "Gary Chen";
				TargetAttributes = {
					572B812720B6898500688E20 = {
						CreatedOnToolsVersion = 9.3;
					};
				};
			};
			buildConfigurationList = 572B812320B6898500688E20 /* Build configuration list for PBXProject "PodcastsDemo" */;
			compatibilityVersion = "Xcode 9.3";
			developmentRegion = en;
			hasScannedForEncodings = 0;
			knownRegions = (
				en,
				Base,
			);
			mainGroup = 572B811F20B6898400688E20;
			productRefGroup = 572B812920B6898500688E20 /* Products */;
			projectDirPath = "";
			projectRoot = "";
			targets = (
				572B812720B6898500688E20 /* PodcastsDemo */,
			);
		};
/* End PBXProject section */

/* Begin PBXResourcesBuildPhase section */
		572B812620B6898500688E20 /* Resources */ = {
			isa = PBXResourcesBuildPhase;
			buildActionMask = 2147483647;
			files = (
				579B43D720BBAB79001E2EA0 /* PlayerDetailsView.xib in Resources */,
				572B813620B6898700688E20 /* LaunchScreen.storyboard in Resources */,
				0929C05820F631160004EBB0 /* PodcastsSearchingView.xib in Resources */,
				572B813320B6898700688E20 /* Assets.xcassets in Resources */,
				579B43D020BA9F2B001E2EA0 /* EpisodeCell.xib in Resources */,
				579B43BE20B7F470001E2EA0 /* PodcastCell.xib in Resources */,
				572B813120B6898500688E20 /* Main.storyboard in Resources */,
			);
			runOnlyForDeploymentPostprocessing = 0;
		};
/* End PBXResourcesBuildPhase section */

/* Begin PBXShellScriptBuildPhase section */
		B9CDCD67995440AB98F95409 /* [CP] Check Pods Manifest.lock */ = {
			isa = PBXShellScriptBuildPhase;
			buildActionMask = 2147483647;
			files = (
			);
			inputPaths = (
				"${PODS_PODFILE_DIR_PATH}/Podfile.lock",
				"${PODS_ROOT}/Manifest.lock",
			);
			name = "[CP] Check Pods Manifest.lock";
			outputPaths = (
				"$(DERIVED_FILE_DIR)/Pods-PodcastsDemo-checkManifestLockResult.txt",
			);
			runOnlyForDeploymentPostprocessing = 0;
			shellPath = /bin/sh;
			shellScript = "diff \"${PODS_PODFILE_DIR_PATH}/Podfile.lock\" \"${PODS_ROOT}/Manifest.lock\" > /dev/null\nif [ $? != 0 ] ; then\n    # print error to STDERR\n    echo \"error: The sandbox is not in sync with the Podfile.lock. Run 'pod install' or update your CocoaPods installation.\" >&2\n    exit 1\nfi\n# This output is used by Xcode 'outputs' to avoid re-running this script phase.\necho \"SUCCESS\" > \"${SCRIPT_OUTPUT_FILE_0}\"\n";
			showEnvVarsInLog = 0;
		};
		E6150BCA2426145828A0748D /* [CP] Embed Pods Frameworks */ = {
			isa = PBXShellScriptBuildPhase;
			buildActionMask = 2147483647;
			files = (
			);
			inputPaths = (
				"${SRCROOT}/Pods/Target Support Files/Pods-PodcastsDemo/Pods-PodcastsDemo-frameworks.sh",
				"${BUILT_PRODUCTS_DIR}/Alamofire/Alamofire.framework",
				"${BUILT_PRODUCTS_DIR}/FeedKit/FeedKit.framework",
				"${BUILT_PRODUCTS_DIR}/SDWebImage/SDWebImage.framework",
			);
			name = "[CP] Embed Pods Frameworks";
			outputPaths = (
				"${TARGET_BUILD_DIR}/${FRAMEWORKS_FOLDER_PATH}/Alamofire.framework",
				"${TARGET_BUILD_DIR}/${FRAMEWORKS_FOLDER_PATH}/FeedKit.framework",
				"${TARGET_BUILD_DIR}/${FRAMEWORKS_FOLDER_PATH}/SDWebImage.framework",
			);
			runOnlyForDeploymentPostprocessing = 0;
			shellPath = /bin/sh;
			shellScript = "\"${SRCROOT}/Pods/Target Support Files/Pods-PodcastsDemo/Pods-PodcastsDemo-frameworks.sh\"\n";
			showEnvVarsInLog = 0;
		};
/* End PBXShellScriptBuildPhase section */

/* Begin PBXSourcesBuildPhase section */
		572B812420B6898500688E20 /* Sources */ = {
			isa = PBXSourcesBuildPhase;
			buildActionMask = 2147483647;
			files = (
				579B43D520BABEDF001E2EA0 /* RSSFeed.swift in Sources */,
				572B814320B6946100688E20 /* PodcastsSearchController.swift in Sources */,
				572B812E20B6898500688E20 /* ViewController.swift in Sources */,
				579B43C320B7F681001E2EA0 /* PodcastCell.swift in Sources */,
				579B43CF20BA9F2B001E2EA0 /* EpisodeCell.swift in Sources */,
				579B43CC20BA9E26001E2EA0 /* Episode.swift in Sources */,
				579B43D920BBD444001E2EA0 /* PlayerDetailsView.swift in Sources */,
				572B812C20B6898500688E20 /* AppDelegate.swift in Sources */,
				579B43D320BABD88001E2EA0 /* String.swift in Sources */,
				572B814020B689CC00688E20 /* MainTabBarController.swift in Sources */,
				579B43C120B7F589001E2EA0 /* Constants.swift in Sources */,
				096BA8CB2104B802003B64CB /* UIApplication.swift in Sources */,
				579B43BB20B7EFF8001E2EA0 /* APIService.swift in Sources */,
				0929C05A20F9F81F0004EBB0 /* PlayerDetailsView+Gestures.swift in Sources */,
				579B43C820B9A978001E2EA0 /* EpisodesController.swift in Sources */,
				0929C05620F470480004EBB0 /* CMTime.swift in Sources */,
				572B814620B694EC00688E20 /* Podcast.swift in Sources */,
			);
			runOnlyForDeploymentPostprocessing = 0;
		};
/* End PBXSourcesBuildPhase section */

/* Begin PBXVariantGroup section */
		572B812F20B6898500688E20 /* Main.storyboard */ = {
			isa = PBXVariantGroup;
			children = (
				572B813020B6898500688E20 /* Base */,
			);
			name = Main.storyboard;
			sourceTree = "<group>";
		};
		572B813420B6898700688E20 /* LaunchScreen.storyboard */ = {
			isa = PBXVariantGroup;
			children = (
				572B813520B6898700688E20 /* Base */,
			);
			name = LaunchScreen.storyboard;
			sourceTree = "<group>";
		};
/* End PBXVariantGroup section */

/* Begin XCBuildConfiguration section */
		572B813820B6898700688E20 /* Debug */ = {
			isa = XCBuildConfiguration;
			buildSettings = {
				ALWAYS_SEARCH_USER_PATHS = NO;
				CLANG_ANALYZER_NONNULL = YES;
				CLANG_ANALYZER_NUMBER_OBJECT_CONVERSION = YES_AGGRESSIVE;
				CLANG_CXX_LANGUAGE_STANDARD = "gnu++14";
				CLANG_CXX_LIBRARY = "libc++";
				CLANG_ENABLE_MODULES = YES;
				CLANG_ENABLE_OBJC_ARC = YES;
				CLANG_ENABLE_OBJC_WEAK = YES;
				CLANG_WARN_BLOCK_CAPTURE_AUTORELEASING = YES;
				CLANG_WARN_BOOL_CONVERSION = YES;
				CLANG_WARN_COMMA = YES;
				CLANG_WARN_CONSTANT_CONVERSION = YES;
				CLANG_WARN_DEPRECATED_OBJC_IMPLEMENTATIONS = YES;
				CLANG_WARN_DIRECT_OBJC_ISA_USAGE = YES_ERROR;
				CLANG_WARN_DOCUMENTATION_COMMENTS = YES;
				CLANG_WARN_EMPTY_BODY = YES;
				CLANG_WARN_ENUM_CONVERSION = YES;
				CLANG_WARN_INFINITE_RECURSION = YES;
				CLANG_WARN_INT_CONVERSION = YES;
				CLANG_WARN_NON_LITERAL_NULL_CONVERSION = YES;
				CLANG_WARN_OBJC_IMPLICIT_RETAIN_SELF = YES;
				CLANG_WARN_OBJC_LITERAL_CONVERSION = YES;
				CLANG_WARN_OBJC_ROOT_CLASS = YES_ERROR;
				CLANG_WARN_RANGE_LOOP_ANALYSIS = YES;
				CLANG_WARN_STRICT_PROTOTYPES = YES;
				CLANG_WARN_SUSPICIOUS_MOVE = YES;
				CLANG_WARN_UNGUARDED_AVAILABILITY = YES_AGGRESSIVE;
				CLANG_WARN_UNREACHABLE_CODE = YES;
				CLANG_WARN__DUPLICATE_METHOD_MATCH = YES;
				CODE_SIGN_IDENTITY = "iPhone Developer";
				COPY_PHASE_STRIP = NO;
				DEBUG_INFORMATION_FORMAT = dwarf;
				ENABLE_STRICT_OBJC_MSGSEND = YES;
				ENABLE_TESTABILITY = YES;
				GCC_C_LANGUAGE_STANDARD = gnu11;
				GCC_DYNAMIC_NO_PIC = NO;
				GCC_NO_COMMON_BLOCKS = YES;
				GCC_OPTIMIZATION_LEVEL = 0;
				GCC_PREPROCESSOR_DEFINITIONS = (
					"DEBUG=1",
					"$(inherited)",
				);
				GCC_WARN_64_TO_32_BIT_CONVERSION = YES;
				GCC_WARN_ABOUT_RETURN_TYPE = YES_ERROR;
				GCC_WARN_UNDECLARED_SELECTOR = YES;
				GCC_WARN_UNINITIALIZED_AUTOS = YES_AGGRESSIVE;
				GCC_WARN_UNUSED_FUNCTION = YES;
				GCC_WARN_UNUSED_VARIABLE = YES;
				IPHONEOS_DEPLOYMENT_TARGET = 11.3;
				MTL_ENABLE_DEBUG_INFO = YES;
				ONLY_ACTIVE_ARCH = YES;
				SDKROOT = iphoneos;
				SWIFT_ACTIVE_COMPILATION_CONDITIONS = DEBUG;
				SWIFT_OPTIMIZATION_LEVEL = "-Onone";
			};
			name = Debug;
		};
		572B813920B6898700688E20 /* Release */ = {
			isa = XCBuildConfiguration;
			buildSettings = {
				ALWAYS_SEARCH_USER_PATHS = NO;
				CLANG_ANALYZER_NONNULL = YES;
				CLANG_ANALYZER_NUMBER_OBJECT_CONVERSION = YES_AGGRESSIVE;
				CLANG_CXX_LANGUAGE_STANDARD = "gnu++14";
				CLANG_CXX_LIBRARY = "libc++";
				CLANG_ENABLE_MODULES = YES;
				CLANG_ENABLE_OBJC_ARC = YES;
				CLANG_ENABLE_OBJC_WEAK = YES;
				CLANG_WARN_BLOCK_CAPTURE_AUTORELEASING = YES;
				CLANG_WARN_BOOL_CONVERSION = YES;
				CLANG_WARN_COMMA = YES;
				CLANG_WARN_CONSTANT_CONVERSION = YES;
				CLANG_WARN_DEPRECATED_OBJC_IMPLEMENTATIONS = YES;
				CLANG_WARN_DIRECT_OBJC_ISA_USAGE = YES_ERROR;
				CLANG_WARN_DOCUMENTATION_COMMENTS = YES;
				CLANG_WARN_EMPTY_BODY = YES;
				CLANG_WARN_ENUM_CONVERSION = YES;
				CLANG_WARN_INFINITE_RECURSION = YES;
				CLANG_WARN_INT_CONVERSION = YES;
				CLANG_WARN_NON_LITERAL_NULL_CONVERSION = YES;
				CLANG_WARN_OBJC_IMPLICIT_RETAIN_SELF = YES;
				CLANG_WARN_OBJC_LITERAL_CONVERSION = YES;
				CLANG_WARN_OBJC_ROOT_CLASS = YES_ERROR;
				CLANG_WARN_RANGE_LOOP_ANALYSIS = YES;
				CLANG_WARN_STRICT_PROTOTYPES = YES;
				CLANG_WARN_SUSPICIOUS_MOVE = YES;
				CLANG_WARN_UNGUARDED_AVAILABILITY = YES_AGGRESSIVE;
				CLANG_WARN_UNREACHABLE_CODE = YES;
				CLANG_WARN__DUPLICATE_METHOD_MATCH = YES;
				CODE_SIGN_IDENTITY = "iPhone Developer";
				COPY_PHASE_STRIP = NO;
				DEBUG_INFORMATION_FORMAT = "dwarf-with-dsym";
				ENABLE_NS_ASSERTIONS = NO;
				ENABLE_STRICT_OBJC_MSGSEND = YES;
				GCC_C_LANGUAGE_STANDARD = gnu11;
				GCC_NO_COMMON_BLOCKS = YES;
				GCC_WARN_64_TO_32_BIT_CONVERSION = YES;
				GCC_WARN_ABOUT_RETURN_TYPE = YES_ERROR;
				GCC_WARN_UNDECLARED_SELECTOR = YES;
				GCC_WARN_UNINITIALIZED_AUTOS = YES_AGGRESSIVE;
				GCC_WARN_UNUSED_FUNCTION = YES;
				GCC_WARN_UNUSED_VARIABLE = YES;
				IPHONEOS_DEPLOYMENT_TARGET = 11.3;
				MTL_ENABLE_DEBUG_INFO = NO;
				SDKROOT = iphoneos;
				SWIFT_COMPILATION_MODE = wholemodule;
				SWIFT_OPTIMIZATION_LEVEL = "-O";
				VALIDATE_PRODUCT = YES;
			};
			name = Release;
		};
		572B813B20B6898700688E20 /* Debug */ = {
			isa = XCBuildConfiguration;
			baseConfigurationReference = AE1C87216D3CB2E4292ABBC3 /* Pods-PodcastsDemo.debug.xcconfig */;
			buildSettings = {
				ASSETCATALOG_COMPILER_APPICON_NAME = AppIcon;
				CODE_SIGN_STYLE = Automatic;
				DEVELOPMENT_TEAM = 73M4H3U9N7;
				INFOPLIST_FILE = PodcastsDemo/Info.plist;
				LD_RUNPATH_SEARCH_PATHS = (
					"$(inherited)",
					"@executable_path/Frameworks",
				);
				PRODUCT_BUNDLE_IDENTIFIER = "com.shiro-.PodcastsDemo";
				PRODUCT_NAME = "$(TARGET_NAME)";
				SWIFT_VERSION = 4.0;
				TARGETED_DEVICE_FAMILY = "1,2";
			};
			name = Debug;
		};
		572B813C20B6898700688E20 /* Release */ = {
			isa = XCBuildConfiguration;
			baseConfigurationReference = E6C3F0038990D3D2A26CF2E7 /* Pods-PodcastsDemo.release.xcconfig */;
			buildSettings = {
				ASSETCATALOG_COMPILER_APPICON_NAME = AppIcon;
				CODE_SIGN_STYLE = Automatic;
				DEVELOPMENT_TEAM = 73M4H3U9N7;
				INFOPLIST_FILE = PodcastsDemo/Info.plist;
				LD_RUNPATH_SEARCH_PATHS = (
					"$(inherited)",
					"@executable_path/Frameworks",
				);
				PRODUCT_BUNDLE_IDENTIFIER = "com.shiro-.PodcastsDemo";
				PRODUCT_NAME = "$(TARGET_NAME)";
				SWIFT_VERSION = 4.0;
				TARGETED_DEVICE_FAMILY = "1,2";
			};
			name = Release;
		};
/* End XCBuildConfiguration section */

/* Begin XCConfigurationList section */
		572B812320B6898500688E20 /* Build configuration list for PBXProject "PodcastsDemo" */ = {
			isa = XCConfigurationList;
			buildConfigurations = (
				572B813820B6898700688E20 /* Debug */,
				572B813920B6898700688E20 /* Release */,
			);
			defaultConfigurationIsVisible = 0;
			defaultConfigurationName = Release;
		};
		572B813A20B6898700688E20 /* Build configuration list for PBXNativeTarget "PodcastsDemo" */ = {
			isa = XCConfigurationList;
			buildConfigurations = (
				572B813B20B6898700688E20 /* Debug */,
				572B813C20B6898700688E20 /* Release */,
			);
			defaultConfigurationIsVisible = 0;
			defaultConfigurationName = Release;
		};
/* End XCConfigurationList section */
	};
	rootObject = 572B812020B6898500688E20 /* Project object */;
}
